
Microsoft Visual Studio Solution File, Format Version 12.00
# Visual Studio Version 17
VisualStudioVersion = 17.6.33723.286
MinimumVisualStudioVersion = 10.0.40219.1
Project("{2150E333-8FDC-42A3-9474-1A3956D46DE8}") = "src", "src", "{03C3CF14-6FF0-4185-BD6C-27C3F1614EDE}"
EndProject
Project("{2150E333-8FDC-42A3-9474-1A3956D46DE8}") = "tests", "tests", "{B1FFA7BC-880D-46DF-8D2B-E476C1E61FB1}"
EndProject
Project("{FAE04EC0-301F-11D3-BF4B-00C04F79EFBC}") = "focusic.UnitTests", "tests\focusic.UnitTests\focusic.UnitTests.csproj", "{2BCDEC5C-C437-4F63-BB01-E1E2B540B6FA}"
EndProject
Project("{2150E333-8FDC-42A3-9474-1A3956D46DE8}") = "Applications", "Applications", "{F8D85E17-C15D-4C40-A155-302E53BEBA38}"
EndProject
Project("{FAE04EC0-301F-11D3-BF4B-00C04F79EFBC}") = "focusic.MauiApp", "src\Applications\focusic.MauiApp\focusic.MauiApp.csproj", "{1B5AE70B-ABD8-4786-98D1-7BE9110DB3B1}"
EndProject
Project("{2150E333-8FDC-42A3-9474-1A3956D46DE8}") = "Shared", "Shared", "{08F21DDD-17EF-427D-9058-CBFE3239F35A}"
EndProject
Project("{2150E333-8FDC-42A3-9474-1A3956D46DE8}") = "Services", "Services", "{02C2D8A2-63C4-41F9-AAD2-BFD5DBEDB594}"
EndProject
Project("{2150E333-8FDC-42A3-9474-1A3956D46DE8}") = "Internals", "Internals", "{F81B565B-90C9-4F92-A4D4-779CCFE18CE6}"
EndProject
Project("{FAE04EC0-301F-11D3-BF4B-00C04F79EFBC}") = "focusic.Shared", "src\Shared\focusic.Shared\focusic.Shared.csproj", "{1FB33746-4F67-43EF-9E09-805230FE7E93}"
EndProject
Project("{2150E333-8FDC-42A3-9474-1A3956D46DE8}") = "Portal", "Portal", "{6E6CE7F9-B72E-4DBC-88A8-3E80700D3C11}"
EndProject
Project("{FAE04EC0-301F-11D3-BF4B-00C04F79EFBC}") = "focusic.Internals.Portal.API", "src\Services\Internals\Portal\focusic.Internals.Portal.API\focusic.Internals.Portal.API.csproj", "{8DCDA74D-06EE-4FF0-B8A9-184DBA14AD30}"
EndProject
Project("{2150E333-8FDC-42A3-9474-1A3956D46DE8}") = "Externals", "Externals", "{899D7790-1089-4EEC-8759-BA5150477DBC}"
EndProject
Project("{FAE04EC0-301F-11D3-BF4B-00C04F79EFBC}") = "focusic.Externals.SendinBlue", "src\Services\Externals\focusic.Externals.SendinBlue\focusic.Externals.SendinBlue.csproj", "{E49FAF48-E340-4F73-B62C-B212E4674C2F}"
EndProject
Global
	GlobalSection(SolutionConfigurationPlatforms) = preSolution
		Debug|Any CPU = Debug|Any CPU
		Release|Any CPU = Release|Any CPU
	EndGlobalSection
	GlobalSection(ProjectConfigurationPlatforms) = postSolution
		{2BCDEC5C-C437-4F63-BB01-E1E2B540B6FA}.Debug|Any CPU.ActiveCfg = Debug|Any CPU
		{2BCDEC5C-C437-4F63-BB01-E1E2B540B6FA}.Debug|Any CPU.Build.0 = Debug|Any CPU
		{2BCDEC5C-C437-4F63-BB01-E1E2B540B6FA}.Release|Any CPU.ActiveCfg = Release|Any CPU
		{2BCDEC5C-C437-4F63-BB01-E1E2B540B6FA}.Release|Any CPU.Build.0 = Release|Any CPU
		{1B5AE70B-ABD8-4786-98D1-7BE9110DB3B1}.Debug|Any CPU.ActiveCfg = Debug|Any CPU
		{1B5AE70B-ABD8-4786-98D1-7BE9110DB3B1}.Debug|Any CPU.Build.0 = Debug|Any CPU
		{1B5AE70B-ABD8-4786-98D1-7BE9110DB3B1}.Debug|Any CPU.Deploy.0 = Debug|Any CPU
		{1B5AE70B-ABD8-4786-98D1-7BE9110DB3B1}.Release|Any CPU.ActiveCfg = Release|Any CPU
		{1B5AE70B-ABD8-4786-98D1-7BE9110DB3B1}.Release|Any CPU.Build.0 = Release|Any CPU
		{1B5AE70B-ABD8-4786-98D1-7BE9110DB3B1}.Release|Any CPU.Deploy.0 = Release|Any CPU
		{1FB33746-4F67-43EF-9E09-805230FE7E93}.Debug|Any CPU.ActiveCfg = Debug|Any CPU
		{1FB33746-4F67-43EF-9E09-805230FE7E93}.Debug|Any CPU.Build.0 = Debug|Any CPU
		{1FB33746-4F67-43EF-9E09-805230FE7E93}.Release|Any CPU.ActiveCfg = Release|Any CPU
		{1FB33746-4F67-43EF-9E09-805230FE7E93}.Release|Any CPU.Build.0 = Release|Any CPU
		{8DCDA74D-06EE-4FF0-B8A9-184DBA14AD30}.Debug|Any CPU.ActiveCfg = Debug|Any CPU
		{8DCDA74D-06EE-4FF0-B8A9-184DBA14AD30}.Debug|Any CPU.Build.0 = Debug|Any CPU
		{8DCDA74D-06EE-4FF0-B8A9-184DBA14AD30}.Release|Any CPU.ActiveCfg = Release|Any CPU
		{8DCDA74D-06EE-4FF0-B8A9-184DBA14AD30}.Release|Any CPU.Build.0 = Release|Any CPU
		{E49FAF48-E340-4F73-B62C-B212E4674C2F}.Debug|Any CPU.ActiveCfg = Debug|Any CPU
		{E49FAF48-E340-4F73-B62C-B212E4674C2F}.Debug|Any CPU.Build.0 = Debug|Any CPU
		{E49FAF48-E340-4F73-B62C-B212E4674C2F}.Release|Any CPU.ActiveCfg = Release|Any CPU
		{E49FAF48-E340-4F73-B62C-B212E4674C2F}.Release|Any CPU.Build.0 = Release|Any CPU
	EndGlobalSection
	GlobalSection(SolutionProperties) = preSolution
		HideSolutionNode = FALSE
	EndGlobalSection
	GlobalSection(NestedProjects) = preSolution
		{2BCDEC5C-C437-4F63-BB01-E1E2B540B6FA} = {B1FFA7BC-880D-46DF-8D2B-E476C1E61FB1}
		{F8D85E17-C15D-4C40-A155-302E53BEBA38} = {03C3CF14-6FF0-4185-BD6C-27C3F1614EDE}
		{1B5AE70B-ABD8-4786-98D1-7BE9110DB3B1} = {F8D85E17-C15D-4C40-A155-302E53BEBA38}
		{08F21DDD-17EF-427D-9058-CBFE3239F35A} = {03C3CF14-6FF0-4185-BD6C-27C3F1614EDE}
		{02C2D8A2-63C4-41F9-AAD2-BFD5DBEDB594} = {03C3CF14-6FF0-4185-BD6C-27C3F1614EDE}
		{F81B565B-90C9-4F92-A4D4-779CCFE18CE6} = {02C2D8A2-63C4-41F9-AAD2-BFD5DBEDB594}
		{1FB33746-4F67-43EF-9E09-805230FE7E93} = {08F21DDD-17EF-427D-9058-CBFE3239F35A}
		{6E6CE7F9-B72E-4DBC-88A8-3E80700D3C11} = {F81B565B-90C9-4F92-A4D4-779CCFE18CE6}
		{8DCDA74D-06EE-4FF0-B8A9-184DBA14AD30} = {6E6CE7F9-B72E-4DBC-88A8-3E80700D3C11}
		{899D7790-1089-4EEC-8759-BA5150477DBC} = {02C2D8A2-63C4-41F9-AAD2-BFD5DBEDB594}
		{E49FAF48-E340-4F73-B62C-B212E4674C2F} = {899D7790-1089-4EEC-8759-BA5150477DBC}
	EndGlobalSection
	GlobalSection(ExtensibilityGlobals) = postSolution
		SolutionGuid = {4E12EE1D-B1F1-4330-8011-B7BB056FB4BC}
	EndGlobalSection
EndGlobal
